
Microsoft Visual Studio Solution File, Format Version 12.00
# Visual Studio 14
VisualStudioVersion = 14.0.25420.1
MinimumVisualStudioVersion = 10.0.40219.1
Project("{FAE04EC0-301F-11D3-BF4B-00C04F79EFBC}") = "string_json", "string_json\string_json.csproj", "{F8AAE8A4-7F61-40F1-9947-18C1025C53EE}"
EndProject
Global
	GlobalSection(SolutionConfigurationPlatforms) = preSolution
		Debug|Any CPU = Debug|Any CPU
		Release|Any CPU = Release|Any CPU
	EndGlobalSection
	GlobalSection(ProjectConfigurationPlatforms) = postSolution
		{F8AAE8A4-7F61-40F1-9947-18C1025C53EE}.Debug|Any CPU.ActiveCfg = Debug|Any CPU
		{F8AAE8A4-7F61-40F1-9947-18C1025C53EE}.Debug|Any CPU.Build.0 = Debug|Any CPU
		{F8AAE8A4-7F61-40F1-9947-18C1025C53EE}.Release|Any CPU.ActiveCfg = Release|Any CPU
		{F8AAE8A4-7F61-40F1-9947-18C1025C53EE}.Release|Any CPU.Build.0 = Release|Any CPU
	EndGlobalSection
	GlobalSection(SolutionProperties) = preSolution
		HideSolutionNode = FALSE
	EndGlobalSection
EndGlobal
